
Microsoft Visual Studio Solution File, Format Version 12.00
Project("{FAE04EC0-301F-11D3-BF4B-00C04F79EFBC}") = "hw_cSH_7", "hw_cSH_7\hw_cSH_7.csproj", "{2012453D-110A-4561-84C4-250DDB09DD6F}"
EndProject
Project("{FAE04EC0-301F-11D3-BF4B-00C04F79EFBC}") = "Task_2", "Task_2\Task_2.csproj", "{75A7F047-864F-4B5E-AE8D-8684EC7D0032}"
EndProject
Global
	GlobalSection(SolutionConfigurationPlatforms) = preSolution
		Debug|Any CPU = Debug|Any CPU
		Release|Any CPU = Release|Any CPU
	EndGlobalSection
	GlobalSection(ProjectConfigurationPlatforms) = postSolution
		{2012453D-110A-4561-84C4-250DDB09DD6F}.Debug|Any CPU.ActiveCfg = Debug|Any CPU
		{2012453D-110A-4561-84C4-250DDB09DD6F}.Debug|Any CPU.Build.0 = Debug|Any CPU
		{2012453D-110A-4561-84C4-250DDB09DD6F}.Release|Any CPU.ActiveCfg = Release|Any CPU
		{2012453D-110A-4561-84C4-250DDB09DD6F}.Release|Any CPU.Build.0 = Release|Any CPU
		{75A7F047-864F-4B5E-AE8D-8684EC7D0032}.Debug|Any CPU.ActiveCfg = Debug|Any CPU
		{75A7F047-864F-4B5E-AE8D-8684EC7D0032}.Debug|Any CPU.Build.0 = Debug|Any CPU
		{75A7F047-864F-4B5E-AE8D-8684EC7D0032}.Release|Any CPU.ActiveCfg = Release|Any CPU
		{75A7F047-864F-4B5E-AE8D-8684EC7D0032}.Release|Any CPU.Build.0 = Release|Any CPU
	EndGlobalSection
EndGlobal
